
Microsoft Visual Studio Solution File, Format Version 11.00
# Visual Studio 2010
Project("{54435603-DBB4-11D2-8724-00A0C9A8B90C}") = "sendGroupMsg_Setup", "sendGroupMsg_Setup\sendGroupMsg_Setup.vdproj", "{43D5F326-180D-41A5-BDD5-E267EC6F0E3C}"
EndProject
Global
	GlobalSection(SolutionConfigurationPlatforms) = preSolution
		Debug|Default = Debug|Default
		Release|Default = Release|Default
	EndGlobalSection
	GlobalSection(ProjectConfigurationPlatforms) = postSolution
		{43D5F326-180D-41A5-BDD5-E267EC6F0E3C}.Debug|Default.ActiveCfg = Debug
		{43D5F326-180D-41A5-BDD5-E267EC6F0E3C}.Debug|Default.Build.0 = Debug
		{43D5F326-180D-41A5-BDD5-E267EC6F0E3C}.Release|Default.ActiveCfg = Release
		{43D5F326-180D-41A5-BDD5-E267EC6F0E3C}.Release|Default.Build.0 = Release
	EndGlobalSection
	GlobalSection(SolutionProperties) = preSolution
		HideSolutionNode = FALSE
	EndGlobalSection
EndGlobal
