
Microsoft Visual Studio Solution File, Format Version 11.00
# Visual Studio 2010
Project("{FAE04EC0-301F-11D3-BF4B-00C04F79EFBC}") = "setProxy", "setProxy\setProxy.csproj", "{7C18DA89-EE1A-431E-AFA4-5C5617C720A9}"
EndProject
Global
	GlobalSection(SolutionConfigurationPlatforms) = preSolution
		Debug|x86 = Debug|x86
		Release|x86 = Release|x86
	EndGlobalSection
	GlobalSection(ProjectConfigurationPlatforms) = postSolution
		{7C18DA89-EE1A-431E-AFA4-5C5617C720A9}.Debug|x86.ActiveCfg = Debug|x86
		{7C18DA89-EE1A-431E-AFA4-5C5617C720A9}.Debug|x86.Build.0 = Debug|x86
		{7C18DA89-EE1A-431E-AFA4-5C5617C720A9}.Release|x86.ActiveCfg = Release|x86
		{7C18DA89-EE1A-431E-AFA4-5C5617C720A9}.Release|x86.Build.0 = Release|x86
	EndGlobalSection
	GlobalSection(SolutionProperties) = preSolution
		HideSolutionNode = FALSE
	EndGlobalSection
EndGlobal
